
Microsoft Visual Studio Solution File, Format Version 12.00
# Visual Studio Version 17
VisualStudioVersion = 17.8.34511.84
MinimumVisualStudioVersion = 10.0.40219.1
Project("{FAE04EC0-301F-11D3-BF4B-00C04F79EFBC}") = "C#_XC8_PROTEUS_SIM", "C#_XC8_PROTEUS_SIM.csproj", "{7BDCAFD4-C6D0-4D4D-8FE5-015E3545F799}"
EndProject
Global
	GlobalSection(SolutionConfigurationPlatforms) = preSolution
		Debug|Any CPU = Debug|Any CPU
		Release|Any CPU = Release|Any CPU
	EndGlobalSection
	GlobalSection(ProjectConfigurationPlatforms) = postSolution
		{7BDCAFD4-C6D0-4D4D-8FE5-015E3545F799}.Debug|Any CPU.ActiveCfg = Debug|Any CPU
		{7BDCAFD4-C6D0-4D4D-8FE5-015E3545F799}.Debug|Any CPU.Build.0 = Debug|Any CPU
		{7BDCAFD4-C6D0-4D4D-8FE5-015E3545F799}.Release|Any CPU.ActiveCfg = Release|Any CPU
		{7BDCAFD4-C6D0-4D4D-8FE5-015E3545F799}.Release|Any CPU.Build.0 = Release|Any CPU
	EndGlobalSection
	GlobalSection(SolutionProperties) = preSolution
		HideSolutionNode = FALSE
	EndGlobalSection
	GlobalSection(ExtensibilityGlobals) = postSolution
		SolutionGuid = {1E67E517-649A-43DB-80A5-6E79FB8371E4}
	EndGlobalSection
EndGlobal
